
Microsoft Visual Studio Solution File, Format Version 12.00
# Visual Studio Version 17
VisualStudioVersion = 17.13.35818.85
MinimumVisualStudioVersion = 10.0.40219.1
Project("{FAE04EC0-301F-11D3-BF4B-00C04F79EFBC}") = "QuanLyCafeTest", "QuanLyCafe\QuanLyCafeTest.csproj", "{363B83E3-8A80-47A9-B8A8-D9B912D7CEDB}"
EndProject
Global
	GlobalSection(SolutionConfigurationPlatforms) = preSolution
		Debug|Any CPU = Debug|Any CPU
		Release|Any CPU = Release|Any CPU
	EndGlobalSection
	GlobalSection(ProjectConfigurationPlatforms) = postSolution
		{363B83E3-8A80-47A9-B8A8-D9B912D7CEDB}.Debug|Any CPU.ActiveCfg = Debug|Any CPU
		{363B83E3-8A80-47A9-B8A8-D9B912D7CEDB}.Debug|Any CPU.Build.0 = Debug|Any CPU
		{363B83E3-8A80-47A9-B8A8-D9B912D7CEDB}.Release|Any CPU.ActiveCfg = Release|Any CPU
		{363B83E3-8A80-47A9-B8A8-D9B912D7CEDB}.Release|Any CPU.Build.0 = Release|Any CPU
	EndGlobalSection
	GlobalSection(SolutionProperties) = preSolution
		HideSolutionNode = FALSE
	EndGlobalSection
	GlobalSection(ExtensibilityGlobals) = postSolution
		SolutionGuid = {C6D44C17-5A34-4CA2-845A-23DCC52FEB5E}
	EndGlobalSection
EndGlobal
